
Microsoft Visual Studio Solution File, Format Version 12.00
# Visual Studio 14
VisualStudioVersion = 14.0.25420.1
MinimumVisualStudioVersion = 10.0.40219.1
Project("{FAE04EC0-301F-11D3-BF4B-00C04F79EFBC}") = "VehicleWebAppOLD API", "VehicleWebApp\VehicleWebAppOLD API.csproj", "{70AD5BC0-0AC4-4BFC-AF8B-6F9D64202873}"
EndProject
Project("{FAE04EC0-301F-11D3-BF4B-00C04F79EFBC}") = "VehicleWebAppMVC", "VehicleWebAppMVC\VehicleWebAppMVC.csproj", "{D3A21C2C-E99E-4866-B92F-15B500C6C6EC}"
EndProject
Project("{FAE04EC0-301F-11D3-BF4B-00C04F79EFBC}") = "VehicleWebAppMVC.Tests", "VehicleWebAppMVC.Tests\VehicleWebAppMVC.Tests.csproj", "{1928B124-BA76-4B86-9A78-D1345839CE44}"
EndProject
Global
	GlobalSection(SolutionConfigurationPlatforms) = preSolution
		Debug|Any CPU = Debug|Any CPU
		Release|Any CPU = Release|Any CPU
	EndGlobalSection
	GlobalSection(ProjectConfigurationPlatforms) = postSolution
		{70AD5BC0-0AC4-4BFC-AF8B-6F9D64202873}.Debug|Any CPU.ActiveCfg = Debug|Any CPU
		{70AD5BC0-0AC4-4BFC-AF8B-6F9D64202873}.Debug|Any CPU.Build.0 = Debug|Any CPU
		{70AD5BC0-0AC4-4BFC-AF8B-6F9D64202873}.Release|Any CPU.ActiveCfg = Release|Any CPU
		{70AD5BC0-0AC4-4BFC-AF8B-6F9D64202873}.Release|Any CPU.Build.0 = Release|Any CPU
		{D3A21C2C-E99E-4866-B92F-15B500C6C6EC}.Debug|Any CPU.ActiveCfg = Debug|Any CPU
		{D3A21C2C-E99E-4866-B92F-15B500C6C6EC}.Debug|Any CPU.Build.0 = Debug|Any CPU
		{D3A21C2C-E99E-4866-B92F-15B500C6C6EC}.Release|Any CPU.ActiveCfg = Release|Any CPU
		{D3A21C2C-E99E-4866-B92F-15B500C6C6EC}.Release|Any CPU.Build.0 = Release|Any CPU
		{1928B124-BA76-4B86-9A78-D1345839CE44}.Debug|Any CPU.ActiveCfg = Debug|Any CPU
		{1928B124-BA76-4B86-9A78-D1345839CE44}.Debug|Any CPU.Build.0 = Debug|Any CPU
		{1928B124-BA76-4B86-9A78-D1345839CE44}.Release|Any CPU.ActiveCfg = Release|Any CPU
		{1928B124-BA76-4B86-9A78-D1345839CE44}.Release|Any CPU.Build.0 = Release|Any CPU
	EndGlobalSection
	GlobalSection(SolutionProperties) = preSolution
		HideSolutionNode = FALSE
	EndGlobalSection
EndGlobal
